
Microsoft Visual Studio Solution File, Format Version 12.00
# Visual Studio 2012
Project("{D954291E-2A0B-460D-934E-DC6B0785DB48}") = "ORAGH", "ORAGH\ORAGH.shproj", "{E501220E-3D34-4542-B6FE-9544E819E533}"
EndProject
Project("{FAE04EC0-301F-11D3-BF4B-00C04F79EFBC}") = "ORAGH.iOS", "iOS\ORAGH.iOS.csproj", "{C1A3264C-C0E9-4151-A1B8-70153638C6AB}"
EndProject
Project("{FAE04EC0-301F-11D3-BF4B-00C04F79EFBC}") = "ORAGH.Droid", "Droid\ORAGH.Droid.csproj", "{EBB805CC-C115-49E2-821D-1630EC1FA2E8}"
EndProject
Project("{2150E333-8FDC-42A3-9474-1A3956D46DE8}") = "Modules", "Modules", "{2472BADE-B3FB-445D-B972-E7BB747BCCC9}"
EndProject
Project("{FAE04EC0-301F-11D3-BF4B-00C04F79EFBC}") = "AuthenticationModule", "AuthenticationModule\AuthenticationModule.csproj", "{2DC0CDFB-F4A6-4FD8-A862-34778ED1462F}"
EndProject
Global
	GlobalSection(SolutionConfigurationPlatforms) = preSolution
		Debug|iPhoneSimulator = Debug|iPhoneSimulator
		Release|iPhone = Release|iPhone
		Release|iPhoneSimulator = Release|iPhoneSimulator
		Debug|iPhone = Debug|iPhone
		Debug|Any CPU = Debug|Any CPU
		Release|Any CPU = Release|Any CPU
	EndGlobalSection
	GlobalSection(ProjectConfigurationPlatforms) = postSolution
		{C1A3264C-C0E9-4151-A1B8-70153638C6AB}.Debug|iPhoneSimulator.ActiveCfg = Debug|iPhoneSimulator
		{C1A3264C-C0E9-4151-A1B8-70153638C6AB}.Debug|iPhoneSimulator.Build.0 = Debug|iPhoneSimulator
		{C1A3264C-C0E9-4151-A1B8-70153638C6AB}.Release|iPhone.ActiveCfg = Release|iPhone
		{C1A3264C-C0E9-4151-A1B8-70153638C6AB}.Release|iPhone.Build.0 = Release|iPhone
		{C1A3264C-C0E9-4151-A1B8-70153638C6AB}.Release|iPhoneSimulator.ActiveCfg = Release|iPhoneSimulator
		{C1A3264C-C0E9-4151-A1B8-70153638C6AB}.Release|iPhoneSimulator.Build.0 = Release|iPhoneSimulator
		{C1A3264C-C0E9-4151-A1B8-70153638C6AB}.Debug|iPhone.ActiveCfg = Debug|iPhone
		{C1A3264C-C0E9-4151-A1B8-70153638C6AB}.Debug|iPhone.Build.0 = Debug|iPhone
		{C1A3264C-C0E9-4151-A1B8-70153638C6AB}.Debug|Any CPU.ActiveCfg = Debug|iPhoneSimulator
		{C1A3264C-C0E9-4151-A1B8-70153638C6AB}.Debug|Any CPU.Build.0 = Debug|iPhoneSimulator
		{C1A3264C-C0E9-4151-A1B8-70153638C6AB}.Release|Any CPU.ActiveCfg = Release|iPhone
		{C1A3264C-C0E9-4151-A1B8-70153638C6AB}.Release|Any CPU.Build.0 = Release|iPhone
		{EBB805CC-C115-49E2-821D-1630EC1FA2E8}.Debug|iPhoneSimulator.ActiveCfg = Debug|Any CPU
		{EBB805CC-C115-49E2-821D-1630EC1FA2E8}.Debug|iPhoneSimulator.Build.0 = Debug|Any CPU
		{EBB805CC-C115-49E2-821D-1630EC1FA2E8}.Release|iPhone.ActiveCfg = Release|Any CPU
		{EBB805CC-C115-49E2-821D-1630EC1FA2E8}.Release|iPhone.Build.0 = Release|Any CPU
		{EBB805CC-C115-49E2-821D-1630EC1FA2E8}.Release|iPhoneSimulator.ActiveCfg = Release|Any CPU
		{EBB805CC-C115-49E2-821D-1630EC1FA2E8}.Release|iPhoneSimulator.Build.0 = Release|Any CPU
		{EBB805CC-C115-49E2-821D-1630EC1FA2E8}.Debug|iPhone.ActiveCfg = Debug|Any CPU
		{EBB805CC-C115-49E2-821D-1630EC1FA2E8}.Debug|iPhone.Build.0 = Debug|Any CPU
		{EBB805CC-C115-49E2-821D-1630EC1FA2E8}.Debug|Any CPU.ActiveCfg = Debug|Any CPU
		{EBB805CC-C115-49E2-821D-1630EC1FA2E8}.Debug|Any CPU.Build.0 = Debug|Any CPU
		{EBB805CC-C115-49E2-821D-1630EC1FA2E8}.Release|Any CPU.ActiveCfg = Release|Any CPU
		{EBB805CC-C115-49E2-821D-1630EC1FA2E8}.Release|Any CPU.Build.0 = Release|Any CPU
		{2DC0CDFB-F4A6-4FD8-A862-34778ED1462F}.Debug|iPhoneSimulator.ActiveCfg = Debug|Any CPU
		{2DC0CDFB-F4A6-4FD8-A862-34778ED1462F}.Debug|iPhoneSimulator.Build.0 = Debug|Any CPU
		{2DC0CDFB-F4A6-4FD8-A862-34778ED1462F}.Release|iPhone.ActiveCfg = Release|Any CPU
		{2DC0CDFB-F4A6-4FD8-A862-34778ED1462F}.Release|iPhone.Build.0 = Release|Any CPU
		{2DC0CDFB-F4A6-4FD8-A862-34778ED1462F}.Release|iPhoneSimulator.ActiveCfg = Release|Any CPU
		{2DC0CDFB-F4A6-4FD8-A862-34778ED1462F}.Release|iPhoneSimulator.Build.0 = Release|Any CPU
		{2DC0CDFB-F4A6-4FD8-A862-34778ED1462F}.Debug|iPhone.ActiveCfg = Debug|Any CPU
		{2DC0CDFB-F4A6-4FD8-A862-34778ED1462F}.Debug|iPhone.Build.0 = Debug|Any CPU
		{2DC0CDFB-F4A6-4FD8-A862-34778ED1462F}.Debug|Any CPU.ActiveCfg = Debug|Any CPU
		{2DC0CDFB-F4A6-4FD8-A862-34778ED1462F}.Debug|Any CPU.Build.0 = Debug|Any CPU
		{2DC0CDFB-F4A6-4FD8-A862-34778ED1462F}.Release|Any CPU.ActiveCfg = Release|Any CPU
		{2DC0CDFB-F4A6-4FD8-A862-34778ED1462F}.Release|Any CPU.Build.0 = Release|Any CPU
	EndGlobalSection
	GlobalSection(MonoDevelopProperties) = preSolution
		Policies = $0
		$0.DotNetNamingPolicy = $1
		$1.DirectoryNamespaceAssociation = PrefixedHierarchical
		$0.VersionControlPolicy = $2
	EndGlobalSection
	GlobalSection(NestedProjects) = preSolution
		{2DC0CDFB-F4A6-4FD8-A862-34778ED1462F} = {2472BADE-B3FB-445D-B972-E7BB747BCCC9}
	EndGlobalSection
EndGlobal
